<?xml version="1.0" encoding="utf-8"?>
<Project xmlns="http://schemas.microsoft.com/developer/msbuild/2003">
  <ItemGroup>
    <Filter Include="Generated Files">
      <UniqueIdentifier>{71ED8ED8-ACB9-4CE9-BBE1-E00B30144E11}</UniqueIdentifier>
      <Extensions>cpp;c;cxx;moc;h;def;odl;idl;res;</Extensions>
    </Filter>
    <Filter Include="Generated Files">
      <UniqueIdentifier>{71ED8ED8-ACB9-4CE9-BBE1-E00B30144E11}</UniqueIdentifier>
      <Extensions>cpp;c;cxx;moc;h;def;odl;idl;res;</Extensions>
    </Filter>
    <Filter Include="Header Files">
      <UniqueIdentifier>{93995380-89BD-4b04-88EB-625FBE52EBFB}</UniqueIdentifier>
      <Extensions>h;hpp;hxx;hm;inl;inc;xsd</Extensions>
    </Filter>
    <Filter Include="Header Files">
      <UniqueIdentifier>{93995380-89BD-4b04-88EB-625FBE52EBFB}</UniqueIdentifier>
      <Extensions>h;hpp;hxx;hm;inl;inc;xsd</Extensions>
    </Filter>
    <Filter Include="Resource Files">
      <UniqueIdentifier>{D9D6E242-F8AF-46E4-B9FD-80ECBC20BA3E}</UniqueIdentifier>
      <Extensions>qrc;*</Extensions>
      <ParseFiles>false</ParseFiles>
    </Filter>
    <Filter Include="Resource Files">
      <UniqueIdentifier>{D9D6E242-F8AF-46E4-B9FD-80ECBC20BA3E}</UniqueIdentifier>
      <Extensions>qrc;*</Extensions>
      <ParseFiles>false</ParseFiles>
    </Filter>
    <Filter Include="Source Files">
      <UniqueIdentifier>{4FC737F1-C7A5-4376-A066-2A32D752A2FF}</UniqueIdentifier>
      <Extensions>cpp;c;cxx;def;odl;idl;hpj;bat;asm;asmx</Extensions>
    </Filter>
    <Filter Include="Source Files">
      <UniqueIdentifier>{4FC737F1-C7A5-4376-A066-2A32D752A2FF}</UniqueIdentifier>
      <Extensions>cpp;c;cxx;def;odl;idl;hpj;bat;asm;asmx</Extensions>
    </Filter>
  </ItemGroup>
  <ItemGroup>
    <ClCompile Include="src\ui\aboutdialog.cpp">
      <Filter>Source Files</Filter>
    </ClCompile>
    <ClCompile Include="src\ui\cyhead.cpp">
      <Filter>Source Files</Filter>
    </ClCompile>
    <ClCompile Include="src\core\encoding.cpp">
      <Filter>Source Files</Filter>
    </ClCompile>
    <ClCompile Include="src\core\eventdata.cpp">
      <Filter>Source Files</Filter>
    </ClCompile>
    <ClCompile Include="src\ui\fightframeform.cpp">
      <Filter>Source Files</Filter>
    </ClCompile>
    <ClCompile Include="src\core\fileio.cpp">
      <Filter>Source Files</Filter>
    </ClCompile>
    <ClCompile Include="src\ui\filerelation.cpp">
      <Filter>Source Files</Filter>
    </ClCompile>
    <ClCompile Include="src\core\grpdata.cpp">
      <Filter>Source Files</Filter>
    </ClCompile>
    <ClCompile Include="src\ui\grpedit.cpp">
      <Filter>Source Files</Filter>
    </ClCompile>
    <ClCompile Include="src\ui\grplist.cpp">
      <Filter>Source Files</Filter>
    </ClCompile>
    <ClCompile Include="src\core\head.cpp">
      <Filter>Source Files</Filter>
    </ClCompile>
    <ClCompile Include="src\ui\imagezform.cpp">
      <Filter>Source Files</Filter>
    </ClCompile>
    <ClCompile Include="src\core\imzdata.cpp">
      <Filter>Source Files</Filter>
    </ClCompile>
    <ClCompile Include="src\core\iniconfig.cpp">
      <Filter>Source Files</Filter>
    </ClCompile>
    <ClCompile Include="src\ui\kdefedit.cpp">
      <Filter>Source Files</Filter>
    </ClCompile>
    <ClCompile Include="src\libs\luawrapper.cpp">
      <Filter>Source Files</Filter>
    </ClCompile>
    <ClCompile Include="main.cpp">
      <Filter>Source Files</Filter>
    </ClCompile>
    <ClCompile Include="src\ui\mainmapedit.cpp">
      <Filter>Source Files</Filter>
    </ClCompile>
    <ClCompile Include="src\ui\mainwindow.cpp">
      <Filter>Source Files</Filter>
    </ClCompile>
    <ClCompile Include="src\core\mapdata.cpp">
      <Filter>Source Files</Filter>
    </ClCompile>
    <ClCompile Include="src\ui\outputmap.cpp">
      <Filter>Source Files</Filter>
    </ClCompile>
    <ClCompile Include="src\ui\picedit.cpp">
      <Filter>Source Files</Filter>
    </ClCompile>
    <ClCompile Include="src\ui\pngimport.cpp">
      <Filter>Source Files</Filter>
    </ClCompile>
    <ClCompile Include="src\ui\redit.cpp">
      <Filter>Source Files</Filter>
    </ClCompile>
    <ClCompile Include="src\ui\reditform.cpp">
      <Filter>Source Files</Filter>
    </ClCompile>
    <ClCompile Include="src\ui\replicatedlist.cpp">
      <Filter>Source Files</Filter>
    </ClCompile>
    <ClCompile Include="src\core\rfile.cpp">
      <Filter>Source Files</Filter>
    </ClCompile>
    <ClCompile Include="src\ui\scenemapedit.cpp">
      <Filter>Source Files</Filter>
    </ClCompile>
    <ClCompile Include="src\ui\setlanguage.cpp">
      <Filter>Source Files</Filter>
    </ClCompile>
    <ClCompile Include="src\ui\splashscreen.cpp">
      <Filter>Source Files</Filter>
    </ClCompile>
    <ClCompile Include="src\libs\sqlite3wrapper.cpp">
      <Filter>Source Files</Filter>
    </ClCompile>
    <ClCompile Include="src\ui\takein.cpp">
      <Filter>Source Files</Filter>
    </ClCompile>
    <ClCompile Include="src\ui\txtleadin.cpp">
      <Filter>Source Files</Filter>
    </ClCompile>
    <ClCompile Include="src\ui\updatedialog.cpp">
      <Filter>Source Files</Filter>
    </ClCompile>
    <ClCompile Include="src\ui\waredit.cpp">
      <Filter>Source Files</Filter>
    </ClCompile>
    <ClCompile Include="src\ui\warmapedit.cpp">
      <Filter>Source Files</Filter>
    </ClCompile>
    <ClCompile Include="src\libs\xlsxiowrapper.cpp">
      <Filter>Source Files</Filter>
    </ClCompile>
    <ClCompile Include="src\libs\zipwrapper.cpp">
      <Filter>Source Files</Filter>
    </ClCompile>
    <ClCompile Include="src\libs\PotConv.cpp">
      <Filter>Source Files</Filter>
    </ClCompile>
  </ItemGroup>
  <ItemGroup>
    <QtMoc Include="src\ui\aboutdialog.h">
      <Filter>Header Files</Filter>
    </QtMoc>
    <QtMoc Include="src\ui\cyhead.h">
      <Filter>Header Files</Filter>
    </QtMoc>
    <ClInclude Include="src\core\encoding.h">
      <Filter>Header Files</Filter>
    </ClInclude>
    <ClInclude Include="src\core\eventdata.h">
      <Filter>Header Files</Filter>
    </ClInclude>
    <QtMoc Include="src\ui\fightframeform.h">
      <Filter>Header Files</Filter>
    </QtMoc>
    <ClInclude Include="src\core\fileio.h">
      <Filter>Header Files</Filter>
    </ClInclude>
    <QtMoc Include="src\ui\filerelation.h">
      <Filter>Header Files</Filter>
    </QtMoc>
    <ClInclude Include="src\core\grpdata.h">
      <Filter>Header Files</Filter>
    </ClInclude>
    <QtMoc Include="src\ui\grpedit.h">
      <Filter>Header Files</Filter>
    </QtMoc>
    <QtMoc Include="src\ui\grplist.h">
      <Filter>Header Files</Filter>
    </QtMoc>
    <ClInclude Include="src\core\head.h">
      <Filter>Header Files</Filter>
    </ClInclude>
    <QtMoc Include="src\ui\imagezform.h">
      <Filter>Header Files</Filter>
    </QtMoc>
    <ClInclude Include="src\core\imzdata.h">
      <Filter>Header Files</Filter>
    </ClInclude>
    <ClInclude Include="src\core\iniconfig.h">
      <Filter>Header Files</Filter>
    </ClInclude>
    <QtMoc Include="src\ui\kdefedit.h">
      <Filter>Header Files</Filter>
    </QtMoc>
    <ClInclude Include="src\libs\luawrapper.h">
      <Filter>Header Files</Filter>
    </ClInclude>
    <QtMoc Include="src\ui\mainmapedit.h">
      <Filter>Header Files</Filter>
    </QtMoc>
    <QtMoc Include="src\ui\mainwindow.h">
      <Filter>Header Files</Filter>
    </QtMoc>
    <ClInclude Include="src\core\mapdata.h">
      <Filter>Header Files</Filter>
    </ClInclude>
    <QtMoc Include="src\ui\outputmap.h">
      <Filter>Header Files</Filter>
    </QtMoc>
    <QtMoc Include="src\ui\picedit.h">
      <Filter>Header Files</Filter>
    </QtMoc>
    <QtMoc Include="src\ui\pngimport.h">
      <Filter>Header Files</Filter>
    </QtMoc>
    <QtMoc Include="src\ui\redit.h">
      <Filter>Header Files</Filter>
    </QtMoc>
    <QtMoc Include="src\ui\reditform.h">
      <Filter>Header Files</Filter>
    </QtMoc>
    <QtMoc Include="src\ui\replicatedlist.h">
      <Filter>Header Files</Filter>
    </QtMoc>
    <ClInclude Include="src\core\rfile.h">
      <Filter>Header Files</Filter>
    </ClInclude>
    <QtMoc Include="src\ui\scenemapedit.h">
      <Filter>Header Files</Filter>
    </QtMoc>
    <QtMoc Include="src\ui\setlanguage.h">
      <Filter>Header Files</Filter>
    </QtMoc>
    <QtMoc Include="src\ui\splashscreen.h">
      <Filter>Header Files</Filter>
    </QtMoc>
    <ClInclude Include="src\libs\sqlite3wrapper.h">
      <Filter>Header Files</Filter>
    </ClInclude>
    <QtMoc Include="src\ui\takein.h">
      <Filter>Header Files</Filter>
    </QtMoc>
    <QtMoc Include="src\ui\txtleadin.h">
      <Filter>Header Files</Filter>
    </QtMoc>
    <QtMoc Include="src\ui\updatedialog.h">
      <Filter>Header Files</Filter>
    </QtMoc>
    <QtMoc Include="src\ui\waredit.h">
      <Filter>Header Files</Filter>
    </QtMoc>
    <QtMoc Include="src\ui\warmapedit.h">
      <Filter>Header Files</Filter>
    </QtMoc>
    <ClInclude Include="src\libs\xlsxiowrapper.h">
      <Filter>Header Files</Filter>
    </ClInclude>
    <ClInclude Include="src\libs\zipwrapper.h">
      <Filter>Header Files</Filter>
    </ClInclude>
  </ItemGroup>
  <ItemGroup>
    <CustomBuild Include="debug\moc_predefs.h.cbt">
      <Filter>Generated Files</Filter>
    </CustomBuild>
    <CustomBuild Include="release\moc_predefs.h.cbt">
      <Filter>Generated Files</Filter>
    </CustomBuild>
  </ItemGroup>
  <ItemGroup>
    <None Include="resources\resources\arrow.ani">
      <Filter>Resource Files</Filter>
    </None>
    <QtRcc Include="resources\resources.qrc">
      <Filter>Resource Files</Filter>
    </QtRcc>
  </ItemGroup>
</Project>