<?xml version="1.0" encoding="UTF-8"?>
<CONFIG>
  <ProjectOptions>
    <Version Value="12"/>
    <General>
      <Flags>
        <MainUnitHasCreateFormStatements Value="False"/>
        <MainUnitHasTitleStatement Value="False"/>
        <MainUnitHasScaledStatement Value="False"/>
        <CompatibilityMode Value="True"/>
      </Flags>
      <SessionStorage Value="InProjectDir"/>
      <Title Value="UPEdit - Upwinded Editor"/>
      <ResourceType Value="res"/>
      <UseXPManifest Value="True"/>
      <XPManifest>
        <DpiAware Value="True"/>
      </XPManifest>
    </General>
    <BuildModes Count="2">
      <Item1 Name="Debug" Default="True"/>
      <Item2 Name="Release">
        <CompilerOptions>
          <Version Value="11"/>
          <Parsing>
            <SyntaxOptions>
              <UseAnsiStrings Value="False"/>
            </SyntaxOptions>
          </Parsing>
        </CompilerOptions>
      </Item2>
    </BuildModes>
    <PublishOptions>
      <Version Value="2"/>
      <UseFileFilters Value="True"/>
    </PublishOptions>
    <RunParams>
      <FormatVersion Value="2"/>
      <Modes Count="1">
        <Mode0 Name="default"/>
      </Modes>
    </RunParams>
    <RequiredPackages Count="1">
      <Item1>
        <PackageName Value="LCL"/>
      </Item1>
    </RequiredPackages>
    <Units Count="113">
      <Unit0>
        <Filename Value="UPEdit.lpr"/>
        <IsPartOfProject Value="True"/>
      </Unit0>
      <Unit1>
        <Filename Value="head.pas"/>
        <IsPartOfProject Value="True"/>
      </Unit1>
      <Unit2>
        <Filename Value="Main.pas"/>
        <IsPartOfProject Value="True"/>
        <ComponentName Value="MainForm"/>
        <HasResources Value="True"/>
        <ResourceBaseClass Value="Form"/>
      </Unit2>
      <Unit3>
        <Filename Value="opendisplay.pas"/>
        <IsPartOfProject Value="True"/>
        <ComponentName Value="Form"/>
        <HasResources Value="True"/>
        <ResourceBaseClass Value="Form"/>
      </Unit3>
      <Unit4>
        <Filename Value="openprocess.pas"/>
        <IsPartOfProject Value="True"/>
        <ComponentName Value="processForm"/>
        <HasResources Value="True"/>
        <ResourceBaseClass Value="Form"/>
      </Unit4>
      <Unit5>
        <Filename Value="about.pas"/>
        <IsPartOfProject Value="True"/>
        <ComponentName Value="AboutBox"/>
        <HasResources Value="True"/>
        <ResourceBaseClass Value="Form"/>
      </Unit5>
      <Unit6>
        <Filename Value="TAKEIN.PAS"/>
        <IsPartOfProject Value="True"/>
        <ComponentName Value="Form1"/>
        <HasResources Value="True"/>
        <ResourceBaseClass Value="Form"/>
      </Unit6>
      <Unit7>
        <Filename Value="grpedit.pas"/>
        <IsPartOfProject Value="True"/>
        <ComponentName Value="Form2"/>
        <HasResources Value="True"/>
        <ResourceBaseClass Value="Form"/>
      </Unit7>
      <Unit8>
        <Filename Value="grplist.pas"/>
        <IsPartOfProject Value="True"/>
        <ComponentName Value="Form3"/>
        <HasResources Value="True"/>
        <ResourceBaseClass Value="Form"/>
      </Unit8>
      <Unit9>
        <Filename Value="picedit.pas"/>
        <IsPartOfProject Value="True"/>
        <ComponentName Value="Form4"/>
        <HasResources Value="True"/>
        <ResourceBaseClass Value="Form"/>
      </Unit9>
      <Unit10>
        <Filename Value="Redit.pas"/>
        <IsPartOfProject Value="True"/>
        <ComponentName Value="Form5"/>
        <HasResources Value="True"/>
        <ResourceBaseClass Value="Form"/>
      </Unit10>
      <Unit11>
        <Filename Value="Reditform.pas"/>
        <IsPartOfProject Value="True"/>
        <ComponentName Value="Form6"/>
        <HasResources Value="True"/>
        <ResourceBaseClass Value="Form"/>
      </Unit11>
      <Unit12>
        <Filename Value="kdef/KDEFedit.pas"/>
        <IsPartOfProject Value="True"/>
        <ComponentName Value="Form7"/>
        <HasResources Value="True"/>
        <ResourceBaseClass Value="Form"/>
      </Unit12>
      <Unit13>
        <Filename Value="setlanguage.pas"/>
        <IsPartOfProject Value="True"/>
        <ComponentName Value="Form8"/>
        <HasResources Value="True"/>
        <ResourceBaseClass Value="Form"/>
      </Unit13>
      <Unit14>
        <Filename Value="kdef/newinstruct.pas"/>
        <IsPartOfProject Value="True"/>
        <ComponentName Value="Form9"/>
        <HasResources Value="True"/>
        <ResourceBaseClass Value="Form"/>
      </Unit14>
      <Unit15>
        <Filename Value="WarEdit.pas"/>
        <IsPartOfProject Value="True"/>
        <ComponentName Value="Form10"/>
        <HasResources Value="True"/>
        <ResourceBaseClass Value="Form"/>
      </Unit15>
      <Unit16>
        <Filename Value="WarMapEdit.pas"/>
        <IsPartOfProject Value="True"/>
        <ComponentName Value="Form11"/>
        <HasResources Value="True"/>
        <ResourceBaseClass Value="Form"/>
      </Unit16>
      <Unit17>
        <Filename Value="SenceMapEdit.pas"/>
        <IsPartOfProject Value="True"/>
        <ComponentName Value="Form12"/>
        <HasResources Value="True"/>
        <ResourceBaseClass Value="Form"/>
      </Unit17>
      <Unit18>
        <Filename Value="MainMapEdit.pas"/>
        <IsPartOfProject Value="True"/>
        <ComponentName Value="Form13"/>
        <HasResources Value="True"/>
        <ResourceBaseClass Value="Form"/>
      </Unit18>
      <Unit19>
        <Filename Value="kdef/Ict_1.pas"/>
        <IsPartOfProject Value="True"/>
        <ComponentName Value="Form14"/>
        <HasResources Value="True"/>
        <ResourceBaseClass Value="Form"/>
      </Unit19>
      <Unit20>
        <Filename Value="kdef/Ict_2.pas"/>
        <IsPartOfProject Value="True"/>
        <ComponentName Value="Form15"/>
        <HasResources Value="True"/>
        <ResourceBaseClass Value="Form"/>
      </Unit20>
      <Unit21>
        <Filename Value="kdef/Ict_3.pas"/>
        <IsPartOfProject Value="True"/>
        <ComponentName Value="Form16"/>
        <HasResources Value="True"/>
        <ResourceBaseClass Value="Form"/>
      </Unit21>
      <Unit22>
        <Filename Value="kdef/Ict_4.pas"/>
        <IsPartOfProject Value="True"/>
        <ComponentName Value="Form17"/>
        <HasResources Value="True"/>
        <ResourceBaseClass Value="Form"/>
      </Unit22>
      <Unit23>
        <Filename Value="kdef/Ict_5.pas"/>
        <IsPartOfProject Value="True"/>
        <ComponentName Value="Form18"/>
        <HasResources Value="True"/>
        <ResourceBaseClass Value="Form"/>
      </Unit23>
      <Unit24>
        <Filename Value="kdef/Ict_6.pas"/>
        <IsPartOfProject Value="True"/>
        <ComponentName Value="Form19"/>
        <HasResources Value="True"/>
        <ResourceBaseClass Value="Form"/>
      </Unit24>
      <Unit25>
        <Filename Value="kdef/Ict_8.pas"/>
        <IsPartOfProject Value="True"/>
        <ComponentName Value="Form20"/>
        <HasResources Value="True"/>
        <ResourceBaseClass Value="Form"/>
      </Unit25>
      <Unit26>
        <Filename Value="kdef/Ict_10.pas"/>
        <IsPartOfProject Value="True"/>
        <ComponentName Value="Form21"/>
        <HasResources Value="True"/>
        <ResourceBaseClass Value="Form"/>
      </Unit26>
      <Unit27>
        <Filename Value="kdef/Ict_16.pas"/>
        <IsPartOfProject Value="True"/>
        <ComponentName Value="Form22"/>
        <HasResources Value="True"/>
        <ResourceBaseClass Value="Form"/>
      </Unit27>
      <Unit28>
        <Filename Value="kdef/Ict_17.pas"/>
        <IsPartOfProject Value="True"/>
        <ComponentName Value="Form23"/>
        <HasResources Value="True"/>
        <ResourceBaseClass Value="Form"/>
      </Unit28>
      <Unit29>
        <Filename Value="kdef/Ict_19.pas"/>
        <IsPartOfProject Value="True"/>
        <ComponentName Value="Form24"/>
        <HasResources Value="True"/>
        <ResourceBaseClass Value="Form"/>
      </Unit29>
      <Unit30>
        <Filename Value="kdef/Ict_23.pas"/>
        <IsPartOfProject Value="True"/>
        <ComponentName Value="Form25"/>
        <HasResources Value="True"/>
        <ResourceBaseClass Value="Form"/>
      </Unit30>
      <Unit31>
        <Filename Value="kdef/Ict_25.pas"/>
        <IsPartOfProject Value="True"/>
        <ComponentName Value="Form26"/>
        <HasResources Value="True"/>
        <ResourceBaseClass Value="Form"/>
      </Unit31>
      <Unit32>
        <Filename Value="kdef/Ict_26.pas"/>
        <IsPartOfProject Value="True"/>
        <ComponentName Value="Form27"/>
        <HasResources Value="True"/>
        <ResourceBaseClass Value="Form"/>
      </Unit32>
      <Unit33>
        <Filename Value="kdef/Ict_27.pas"/>
        <IsPartOfProject Value="True"/>
        <ComponentName Value="Form28"/>
        <HasResources Value="True"/>
        <ResourceBaseClass Value="Form"/>
      </Unit33>
      <Unit34>
        <Filename Value="kdef/Ict_28.pas"/>
        <IsPartOfProject Value="True"/>
        <ComponentName Value="Form29"/>
        <HasResources Value="True"/>
        <ResourceBaseClass Value="Form"/>
      </Unit34>
      <Unit35>
        <Filename Value="kdef/Ict_31.pas"/>
        <IsPartOfProject Value="True"/>
        <ComponentName Value="Form30"/>
        <HasResources Value="True"/>
        <ResourceBaseClass Value="Form"/>
      </Unit35>
      <Unit36>
        <Filename Value="kdef/Ict_33.pas"/>
        <IsPartOfProject Value="True"/>
        <ComponentName Value="Form31"/>
        <HasResources Value="True"/>
        <ResourceBaseClass Value="Form"/>
      </Unit36>
      <Unit37>
        <Filename Value="kdef/ict_35.pas"/>
        <IsPartOfProject Value="True"/>
        <ComponentName Value="Form32"/>
        <HasResources Value="True"/>
        <ResourceBaseClass Value="Form"/>
      </Unit37>
      <Unit38>
        <Filename Value="kdef/Ict_36.pas"/>
        <IsPartOfProject Value="True"/>
        <ComponentName Value="Form33"/>
        <HasResources Value="True"/>
        <ResourceBaseClass Value="Form"/>
      </Unit38>
      <Unit39>
        <Filename Value="kdef/Ict_37.pas"/>
        <IsPartOfProject Value="True"/>
        <ComponentName Value="Form34"/>
        <HasResources Value="True"/>
        <ResourceBaseClass Value="Form"/>
      </Unit39>
      <Unit40>
        <Filename Value="kdef/Ict_38.pas"/>
        <IsPartOfProject Value="True"/>
        <ComponentName Value="Form35"/>
        <HasResources Value="True"/>
        <ResourceBaseClass Value="Form"/>
      </Unit40>
      <Unit41>
        <Filename Value="kdef/Ict_41.pas"/>
        <IsPartOfProject Value="True"/>
        <ComponentName Value="Form36"/>
        <HasResources Value="True"/>
        <ResourceBaseClass Value="Form"/>
      </Unit41>
      <Unit42>
        <Filename Value="kdef/Ict_44.pas"/>
        <IsPartOfProject Value="True"/>
        <ComponentName Value="Form37"/>
        <HasResources Value="True"/>
        <ResourceBaseClass Value="Form"/>
      </Unit42>
      <Unit43>
        <Filename Value="kdef/Ict_68.pas"/>
        <IsPartOfProject Value="True"/>
        <ComponentName Value="Form38"/>
        <HasResources Value="True"/>
        <ResourceBaseClass Value="Form"/>
      </Unit43>
      <Unit44>
        <Filename Value="kdef/Ict_60.pas"/>
        <IsPartOfProject Value="True"/>
        <ComponentName Value="Form39"/>
        <HasResources Value="True"/>
        <ResourceBaseClass Value="Form"/>
      </Unit44>
      <Unit45>
        <Filename Value="kdef/Ict_69.pas"/>
        <IsPartOfProject Value="True"/>
        <ComponentName Value="Form40"/>
        <HasResources Value="True"/>
        <ResourceBaseClass Value="Form"/>
      </Unit45>
      <Unit46>
        <Filename Value="kdef/Ict_70.pas"/>
        <IsPartOfProject Value="True"/>
        <ComponentName Value="Form41"/>
        <HasResources Value="True"/>
        <ResourceBaseClass Value="Form"/>
      </Unit46>
      <Unit47>
        <Filename Value="kdef/ict_71.pas"/>
        <IsPartOfProject Value="True"/>
        <ComponentName Value="Form42"/>
        <HasResources Value="True"/>
        <ResourceBaseClass Value="Form"/>
      </Unit47>
      <Unit48>
        <Filename Value="kdef/Ict_50_0.pas"/>
        <IsPartOfProject Value="True"/>
        <ComponentName Value="Form43"/>
        <HasResources Value="True"/>
        <ResourceBaseClass Value="Form"/>
      </Unit48>
      <Unit49>
        <Filename Value="kdef/New50Instruct.pas"/>
        <IsPartOfProject Value="True"/>
        <ComponentName Value="Form44"/>
        <HasResources Value="True"/>
        <ResourceBaseClass Value="Form"/>
      </Unit49>
      <Unit50>
        <Filename Value="kdef/Ict_50_1.pas"/>
        <IsPartOfProject Value="True"/>
        <ComponentName Value="Form45"/>
        <HasResources Value="True"/>
        <ResourceBaseClass Value="Form"/>
      </Unit50>
      <Unit51>
        <Filename Value="kdef/Ict_50_2.pas"/>
        <IsPartOfProject Value="True"/>
        <ComponentName Value="Form46"/>
        <HasResources Value="True"/>
        <ResourceBaseClass Value="Form"/>
      </Unit51>
      <Unit52>
        <Filename Value="kdef/Ict_50_3.pas"/>
        <IsPartOfProject Value="True"/>
        <ComponentName Value="Form47"/>
        <HasResources Value="True"/>
        <ResourceBaseClass Value="Form"/>
      </Unit52>
      <Unit53>
        <Filename Value="kdef/Ict_50_4.pas"/>
        <IsPartOfProject Value="True"/>
        <ComponentName Value="Form48"/>
        <HasResources Value="True"/>
        <ResourceBaseClass Value="Form"/>
      </Unit53>
      <Unit54>
        <Filename Value="kdef/Ict_50_8.pas"/>
        <IsPartOfProject Value="True"/>
        <ComponentName Value="Form49"/>
        <HasResources Value="True"/>
        <ResourceBaseClass Value="Form"/>
      </Unit54>
      <Unit55>
        <Filename Value="kdef/Ict_50_9.pas"/>
        <IsPartOfProject Value="True"/>
        <ComponentName Value="Form50"/>
        <HasResources Value="True"/>
        <ResourceBaseClass Value="Form"/>
      </Unit55>
      <Unit56>
        <Filename Value="kdef/Ict_50_10.pas"/>
        <IsPartOfProject Value="True"/>
        <ComponentName Value="Form51"/>
        <HasResources Value="True"/>
        <ResourceBaseClass Value="Form"/>
      </Unit56>
      <Unit57>
        <Filename Value="kdef/Ict_50_11.pas"/>
        <IsPartOfProject Value="True"/>
        <ComponentName Value="Form52"/>
        <HasResources Value="True"/>
        <ResourceBaseClass Value="Form"/>
      </Unit57>
      <Unit58>
        <Filename Value="kdef/Ict_50_12.pas"/>
        <IsPartOfProject Value="True"/>
        <ComponentName Value="Form53"/>
        <HasResources Value="True"/>
        <ResourceBaseClass Value="Form"/>
      </Unit58>
      <Unit59>
        <Filename Value="kdef/Ict_50_16.pas"/>
        <IsPartOfProject Value="True"/>
        <ComponentName Value="Form54"/>
        <HasResources Value="True"/>
        <ResourceBaseClass Value="Form"/>
      </Unit59>
      <Unit60>
        <Filename Value="kdef/Ict_50_17.pas"/>
        <IsPartOfProject Value="True"/>
        <ComponentName Value="Form55"/>
        <HasResources Value="True"/>
        <ResourceBaseClass Value="Form"/>
      </Unit60>
      <Unit61>
        <Filename Value="kdef/Ict_50_18.pas"/>
        <IsPartOfProject Value="True"/>
        <ComponentName Value="Form56"/>
        <HasResources Value="True"/>
        <ResourceBaseClass Value="Form"/>
      </Unit61>
      <Unit62>
        <Filename Value="kdef/Ict_50_19.pas"/>
        <IsPartOfProject Value="True"/>
        <ComponentName Value="Form57"/>
        <HasResources Value="True"/>
        <ResourceBaseClass Value="Form"/>
      </Unit62>
      <Unit63>
        <Filename Value="kdef/Ict_50_20.pas"/>
        <IsPartOfProject Value="True"/>
        <ComponentName Value="Form58"/>
        <HasResources Value="True"/>
        <ResourceBaseClass Value="Form"/>
      </Unit63>
      <Unit64>
        <Filename Value="kdef/Ict_50_21.pas"/>
        <IsPartOfProject Value="True"/>
        <ComponentName Value="Form59"/>
        <HasResources Value="True"/>
        <ResourceBaseClass Value="Form"/>
      </Unit64>
      <Unit65>
        <Filename Value="kdef/Ict_50_22.pas"/>
        <IsPartOfProject Value="True"/>
        <ComponentName Value="Form60"/>
        <HasResources Value="True"/>
        <ResourceBaseClass Value="Form"/>
      </Unit65>
      <Unit66>
        <Filename Value="kdef/Ict_50_23.pas"/>
        <IsPartOfProject Value="True"/>
        <ComponentName Value="Form61"/>
        <HasResources Value="True"/>
        <ResourceBaseClass Value="Form"/>
      </Unit66>
      <Unit67>
        <Filename Value="kdef/Ict_50_24.pas"/>
        <IsPartOfProject Value="True"/>
        <ComponentName Value="Form62"/>
        <HasResources Value="True"/>
        <ResourceBaseClass Value="Form"/>
      </Unit67>
      <Unit68>
        <Filename Value="kdef/Ict_50_25.pas"/>
        <IsPartOfProject Value="True"/>
        <ComponentName Value="Form63"/>
        <HasResources Value="True"/>
        <ResourceBaseClass Value="Form"/>
      </Unit68>
      <Unit69>
        <Filename Value="kdef/Ict_50_26.pas"/>
        <IsPartOfProject Value="True"/>
        <ComponentName Value="Form64"/>
        <HasResources Value="True"/>
        <ResourceBaseClass Value="Form"/>
      </Unit69>
      <Unit70>
        <Filename Value="kdef/Ict_50_27.pas"/>
        <IsPartOfProject Value="True"/>
        <ComponentName Value="Form65"/>
        <HasResources Value="True"/>
        <ResourceBaseClass Value="Form"/>
      </Unit70>
      <Unit71>
        <Filename Value="kdef/Ict_50_28.pas"/>
        <IsPartOfProject Value="True"/>
        <ComponentName Value="Form66"/>
        <HasResources Value="True"/>
        <ResourceBaseClass Value="Form"/>
      </Unit71>
      <Unit72>
        <Filename Value="kdef/Ict_50_29.pas"/>
        <IsPartOfProject Value="True"/>
        <ComponentName Value="Form67"/>
        <HasResources Value="True"/>
        <ResourceBaseClass Value="Form"/>
      </Unit72>
      <Unit73>
        <Filename Value="kdef/Ict_50_30.pas"/>
        <IsPartOfProject Value="True"/>
        <ComponentName Value="Form68"/>
        <HasResources Value="True"/>
        <ResourceBaseClass Value="Form"/>
      </Unit73>
      <Unit74>
        <Filename Value="kdef/Ict_50_31.pas"/>
        <IsPartOfProject Value="True"/>
        <ComponentName Value="Form69"/>
        <HasResources Value="True"/>
        <ResourceBaseClass Value="Form"/>
      </Unit74>
      <Unit75>
        <Filename Value="kdef/Ict_50_32.pas"/>
        <IsPartOfProject Value="True"/>
        <ComponentName Value="Form70"/>
        <HasResources Value="True"/>
        <ResourceBaseClass Value="Form"/>
      </Unit75>
      <Unit76>
        <Filename Value="kdef/Ict_50_33.pas"/>
        <IsPartOfProject Value="True"/>
        <ComponentName Value="Form71"/>
        <HasResources Value="True"/>
        <ResourceBaseClass Value="Form"/>
      </Unit76>
      <Unit77>
        <Filename Value="kdef/Ict_50_34.pas"/>
        <IsPartOfProject Value="True"/>
        <ComponentName Value="Form72"/>
        <HasResources Value="True"/>
        <ResourceBaseClass Value="Form"/>
      </Unit77>
      <Unit78>
        <Filename Value="kdef/Ict_50_35.pas"/>
        <IsPartOfProject Value="True"/>
        <ComponentName Value="Form73"/>
        <HasResources Value="True"/>
        <ResourceBaseClass Value="Form"/>
      </Unit78>
      <Unit79>
        <Filename Value="kdef/Ict_50_37.pas"/>
        <IsPartOfProject Value="True"/>
        <ComponentName Value="Form74"/>
        <HasResources Value="True"/>
        <ResourceBaseClass Value="Form"/>
      </Unit79>
      <Unit80>
        <Filename Value="kdef/Ict_50_38.pas"/>
        <IsPartOfProject Value="True"/>
        <ComponentName Value="Form75"/>
        <HasResources Value="True"/>
        <ResourceBaseClass Value="Form"/>
      </Unit80>
      <Unit81>
        <Filename Value="kdef/Ict_50_39.pas"/>
        <IsPartOfProject Value="True"/>
        <ComponentName Value="Form76"/>
        <HasResources Value="True"/>
        <ResourceBaseClass Value="Form"/>
      </Unit81>
      <Unit82>
        <Filename Value="kdef/Ict_50_40.pas"/>
        <IsPartOfProject Value="True"/>
        <ComponentName Value="Form77"/>
        <HasResources Value="True"/>
        <ResourceBaseClass Value="Form"/>
      </Unit82>
      <Unit83>
        <Filename Value="kdef/Ict_50_41.pas"/>
        <IsPartOfProject Value="True"/>
        <ComponentName Value="Form78"/>
        <HasResources Value="True"/>
        <ResourceBaseClass Value="Form"/>
      </Unit83>
      <Unit84>
        <Filename Value="kdef/Ict_50_42.pas"/>
        <IsPartOfProject Value="True"/>
        <ComponentName Value="Form79"/>
        <HasResources Value="True"/>
        <ResourceBaseClass Value="Form"/>
      </Unit84>
      <Unit85>
        <Filename Value="kdef/Ict_50_43.pas"/>
        <IsPartOfProject Value="True"/>
        <ComponentName Value="Form80"/>
        <HasResources Value="True"/>
        <ResourceBaseClass Value="Form"/>
      </Unit85>
      <Unit86>
        <Filename Value="kdef/Ict_50_44.pas"/>
        <IsPartOfProject Value="True"/>
        <ComponentName Value="Form81"/>
        <HasResources Value="True"/>
        <ResourceBaseClass Value="Form"/>
      </Unit86>
      <Unit87>
        <Filename Value="kdef/Ict_50_45.pas"/>
        <IsPartOfProject Value="True"/>
        <ComponentName Value="Form82"/>
        <HasResources Value="True"/>
        <ResourceBaseClass Value="Form"/>
      </Unit87>
      <Unit88>
        <Filename Value="kdef/Ict_50_46.pas"/>
        <IsPartOfProject Value="True"/>
        <ComponentName Value="Form83"/>
        <HasResources Value="True"/>
        <ResourceBaseClass Value="Form"/>
      </Unit88>
      <Unit89>
        <Filename Value="kdef/Ict_50_47.pas"/>
        <IsPartOfProject Value="True"/>
        <ComponentName Value="Form84"/>
        <HasResources Value="True"/>
        <ResourceBaseClass Value="Form"/>
      </Unit89>
      <Unit90>
        <Filename Value="kdef/Ict_50_48.pas"/>
        <IsPartOfProject Value="True"/>
        <ComponentName Value="Form85"/>
        <HasResources Value="True"/>
        <ResourceBaseClass Value="Form"/>
      </Unit90>
      <Unit91>
        <Filename Value="Replicatedlist.pas"/>
        <IsPartOfProject Value="True"/>
        <ComponentName Value="Form86"/>
        <HasResources Value="True"/>
        <ResourceBaseClass Value="Form"/>
      </Unit91>
      <Unit92>
        <Filename Value="Update.pas"/>
        <IsPartOfProject Value="True"/>
        <ComponentName Value="Form87"/>
        <HasResources Value="True"/>
        <ResourceBaseClass Value="Form"/>
      </Unit92>
      <Unit93>
        <Filename Value="outputPNG.pas"/>
        <IsPartOfProject Value="True"/>
        <ComponentName Value="Form88"/>
        <HasResources Value="True"/>
        <ResourceBaseClass Value="Form"/>
      </Unit93>
      <Unit94>
        <Filename Value="CYhead.pas"/>
        <IsPartOfProject Value="True"/>
        <ComponentName Value="Form89"/>
        <HasResources Value="True"/>
        <ResourceBaseClass Value="Form"/>
      </Unit94>
      <Unit95>
        <Filename Value="CYheadOutput.pas"/>
        <IsPartOfProject Value="True"/>
        <ComponentName Value="Form90"/>
        <HasResources Value="True"/>
        <ResourceBaseClass Value="Form"/>
      </Unit95>
      <Unit96>
        <Filename Value="Lua.pas"/>
        <IsPartOfProject Value="True"/>
      </Unit96>
      <Unit97>
        <Filename Value="TxtLeadin.pas"/>
        <IsPartOfProject Value="True"/>
        <ComponentName Value="Form91"/>
        <HasResources Value="True"/>
        <ResourceBaseClass Value="Form"/>
      </Unit97>
      <Unit98>
        <Filename Value="FileRelation.pas"/>
        <IsPartOfProject Value="True"/>
        <ComponentName Value="Form92"/>
        <HasResources Value="True"/>
        <ResourceBaseClass Value="Form"/>
      </Unit98>
      <Unit99>
        <Filename Value="outputMap.pas"/>
        <IsPartOfProject Value="True"/>
        <ComponentName Value="Form93"/>
        <HasResources Value="True"/>
        <ResourceBaseClass Value="Form"/>
      </Unit99>
      <Unit100>
        <Filename Value="mouse.pas"/>
        <IsPartOfProject Value="True"/>
      </Unit100>
      <Unit101>
        <Filename Value="PNGimport.pas"/>
        <IsPartOfProject Value="True"/>
        <ComponentName Value="Form94"/>
        <HasResources Value="True"/>
        <ResourceBaseClass Value="Form"/>
      </Unit101>
      <Unit102>
        <Filename Value="PNGimportModify.pas"/>
        <IsPartOfProject Value="True"/>
        <ComponentName Value="Form95"/>
        <HasResources Value="True"/>
        <ResourceBaseClass Value="Form"/>
      </Unit102>
      <Unit103>
        <Filename Value="imagez.pas"/>
        <IsPartOfProject Value="True"/>
        <ComponentName Value="ImzForm"/>
        <HasResources Value="True"/>
        <ResourceBaseClass Value="Form"/>
      </Unit103>
      <Unit104>
        <Filename Value="imzPNGedit.pas"/>
        <IsPartOfProject Value="True"/>
        <ComponentName Value="ImzPNGeditForm"/>
        <HasResources Value="True"/>
        <ResourceBaseClass Value="Form"/>
      </Unit104>
      <Unit105>
        <Filename Value="ImzObject.pas"/>
        <IsPartOfProject Value="True"/>
      </Unit105>
      <Unit106>
        <Filename Value="kdef/InstructGuide.pas"/>
        <IsPartOfProject Value="True"/>
        <ComponentName Value="inctGuide"/>
        <HasResources Value="True"/>
        <ResourceBaseClass Value="Form"/>
      </Unit106>
      <Unit107>
        <Filename Value="FightFrameForm.pas"/>
        <IsPartOfProject Value="True"/>
        <HasResources Value="True"/>
      </Unit107>
      <Unit108>
        <Filename Value="xlsxio.pas"/>
        <IsPartOfProject Value="True"/>
      </Unit108>
      <Unit109>
        <Filename Value="libzip.pas"/>
        <IsPartOfProject Value="True"/>
      </Unit109>
      <Unit110>
        <Filename Value="SQLite3.pas"/>
        <IsPartOfProject Value="True"/>
      </Unit110>
      <Unit111>
        <Filename Value="SQLite3Utils.pas"/>
        <IsPartOfProject Value="True"/>
      </Unit111>
      <Unit112>
        <Filename Value="SQLite3Wrap.pas"/>
        <IsPartOfProject Value="True"/>
      </Unit112>
    </Units>
  </ProjectOptions>
  <CompilerOptions>
    <Version Value="11"/>
    <Parsing>
      <SyntaxOptions>
        <UseAnsiStrings Value="False"/>
      </SyntaxOptions>
    </Parsing>
    <Linking>
      <Debugging>
        <DebugInfoType Value="dsDwarf3"/>
      </Debugging>
    </Linking>
  </CompilerOptions>
  <Debugging>
    <Exceptions Count="1">
      <Item1>
        <Name Value="EReadError"/>
      </Item1>
    </Exceptions>
  </Debugging>
</CONFIG>
